
Microsoft Visual Studio Solution File, Format Version 12.00
Project("{FAE04EC0-301F-11D3-BF4B-00C04F79EFBC}") = "Account", "Account\Account.csproj", "{BAA63D39-F8B2-4393-BBBA-C71FDEA54AB5}"
EndProject
Global
	GlobalSection(SolutionConfigurationPlatforms) = preSolution
		Debug|Any CPU = Debug|Any CPU
		Release|Any CPU = Release|Any CPU
	EndGlobalSection
	GlobalSection(ProjectConfigurationPlatforms) = postSolution
		{BAA63D39-F8B2-4393-BBBA-C71FDEA54AB5}.Debug|Any CPU.ActiveCfg = Debug|Any CPU
		{BAA63D39-F8B2-4393-BBBA-C71FDEA54AB5}.Debug|Any CPU.Build.0 = Debug|Any CPU
		{BAA63D39-F8B2-4393-BBBA-C71FDEA54AB5}.Release|Any CPU.ActiveCfg = Release|Any CPU
		{BAA63D39-F8B2-4393-BBBA-C71FDEA54AB5}.Release|Any CPU.Build.0 = Release|Any CPU
	EndGlobalSection
EndGlobal
